
Microsoft Visual Studio Solution File, Format Version 12.00
# Visual Studio Version 16
VisualStudioVersion = 16.0.31911.196
MinimumVisualStudioVersion = 10.0.40219.1
Project("{9A19103F-16F7-4668-BE54-9A1E7A4F7556}") = "CodeWars", "CodeWars.csproj", "{C40ACD2D-89E3-412B-AE21-F8BD62E2EA7A}"
EndProject
Project("{9A19103F-16F7-4668-BE54-9A1E7A4F7556}") = "CodeWars1", "..\CodeWars1\CodeWars1.csproj", "{9FC6B944-B1D7-4D1C-9785-870C6C185C88}"
EndProject
Project("{FAE04EC0-301F-11D3-BF4B-00C04F79EFBC}") = "CodeWars2", "..\CodeWars2\CodeWars2.csproj", "{D2F1A121-0DFA-410C-8C8A-D1A546A9FCEF}"
EndProject
Project("{FAE04EC0-301F-11D3-BF4B-00C04F79EFBC}") = "Contest2", "..\Contest2\Contest2.csproj", "{31C36276-A43B-40F5-B97C-95DF9D501DC3}"
EndProject
Project("{FAE04EC0-301F-11D3-BF4B-00C04F79EFBC}") = "Contest3", "..\Contest3\Contest3.csproj", "{F64B928B-FA31-4920-9200-45560F1A0152}"
EndProject
Global
	GlobalSection(SolutionConfigurationPlatforms) = preSolution
		Debug|Any CPU = Debug|Any CPU
		Release|Any CPU = Release|Any CPU
	EndGlobalSection
	GlobalSection(ProjectConfigurationPlatforms) = postSolution
		{C40ACD2D-89E3-412B-AE21-F8BD62E2EA7A}.Debug|Any CPU.ActiveCfg = Debug|Any CPU
		{C40ACD2D-89E3-412B-AE21-F8BD62E2EA7A}.Debug|Any CPU.Build.0 = Debug|Any CPU
		{C40ACD2D-89E3-412B-AE21-F8BD62E2EA7A}.Release|Any CPU.ActiveCfg = Release|Any CPU
		{C40ACD2D-89E3-412B-AE21-F8BD62E2EA7A}.Release|Any CPU.Build.0 = Release|Any CPU
		{9FC6B944-B1D7-4D1C-9785-870C6C185C88}.Debug|Any CPU.ActiveCfg = Debug|Any CPU
		{9FC6B944-B1D7-4D1C-9785-870C6C185C88}.Debug|Any CPU.Build.0 = Debug|Any CPU
		{9FC6B944-B1D7-4D1C-9785-870C6C185C88}.Release|Any CPU.ActiveCfg = Release|Any CPU
		{9FC6B944-B1D7-4D1C-9785-870C6C185C88}.Release|Any CPU.Build.0 = Release|Any CPU
		{D2F1A121-0DFA-410C-8C8A-D1A546A9FCEF}.Debug|Any CPU.ActiveCfg = Debug|Any CPU
		{D2F1A121-0DFA-410C-8C8A-D1A546A9FCEF}.Debug|Any CPU.Build.0 = Debug|Any CPU
		{D2F1A121-0DFA-410C-8C8A-D1A546A9FCEF}.Release|Any CPU.ActiveCfg = Release|Any CPU
		{D2F1A121-0DFA-410C-8C8A-D1A546A9FCEF}.Release|Any CPU.Build.0 = Release|Any CPU
		{31C36276-A43B-40F5-B97C-95DF9D501DC3}.Debug|Any CPU.ActiveCfg = Debug|Any CPU
		{31C36276-A43B-40F5-B97C-95DF9D501DC3}.Debug|Any CPU.Build.0 = Debug|Any CPU
		{31C36276-A43B-40F5-B97C-95DF9D501DC3}.Release|Any CPU.ActiveCfg = Release|Any CPU
		{31C36276-A43B-40F5-B97C-95DF9D501DC3}.Release|Any CPU.Build.0 = Release|Any CPU
		{F64B928B-FA31-4920-9200-45560F1A0152}.Debug|Any CPU.ActiveCfg = Debug|Any CPU
		{F64B928B-FA31-4920-9200-45560F1A0152}.Debug|Any CPU.Build.0 = Debug|Any CPU
		{F64B928B-FA31-4920-9200-45560F1A0152}.Release|Any CPU.ActiveCfg = Release|Any CPU
		{F64B928B-FA31-4920-9200-45560F1A0152}.Release|Any CPU.Build.0 = Release|Any CPU
	EndGlobalSection
	GlobalSection(SolutionProperties) = preSolution
		HideSolutionNode = FALSE
	EndGlobalSection
	GlobalSection(ExtensibilityGlobals) = postSolution
		SolutionGuid = {217E07F8-457A-434B-BAB0-084B0BC3192D}
	EndGlobalSection
EndGlobal
